
Microsoft Visual Studio Solution File, Format Version 12.00
# Visual Studio Version 17
VisualStudioVersion = 17.3.32901.215
MinimumVisualStudioVersion = 10.0.40219.1
Project("{FAE04EC0-301F-11D3-BF4B-00C04F79EFBC}") = "GLMS", "GLMS\GLMS.csproj", "{4E29902D-3941-4269-BC35-74F23181947D}"
EndProject
Global
	GlobalSection(SolutionConfigurationPlatforms) = preSolution
		Debug|Any CPU = Debug|Any CPU
		Release|Any CPU = Release|Any CPU
	EndGlobalSection
	GlobalSection(ProjectConfigurationPlatforms) = postSolution
		{4E29902D-3941-4269-BC35-74F23181947D}.Debug|Any CPU.ActiveCfg = Debug|Any CPU
		{4E29902D-3941-4269-BC35-74F23181947D}.Debug|Any CPU.Build.0 = Debug|Any CPU
		{4E29902D-3941-4269-BC35-74F23181947D}.Release|Any CPU.ActiveCfg = Release|Any CPU
		{4E29902D-3941-4269-BC35-74F23181947D}.Release|Any CPU.Build.0 = Release|Any CPU
	EndGlobalSection
	GlobalSection(SolutionProperties) = preSolution
		HideSolutionNode = FALSE
	EndGlobalSection
	GlobalSection(ExtensibilityGlobals) = postSolution
		SolutionGuid = {B5735E30-F89C-4244-B40D-72891C37759B}
	EndGlobalSection
EndGlobal
